// !$*UTF8*$!
{
	archiveVersion = 1;
	classes = {
	};
	objectVersion = 46;
	objects = {

/* Begin PBXBuildFile section */
		00FCE200D6931F0ADBA51CAC /* CoreText.framework in Frameworks */ = {isa = PBXBuildFile; fileRef = 5928BB7B739DB6804DA652D3 /* CoreText.framework */; };
		19776F0B187CC6DBB0D23204 /* CoreMedia.framework in Frameworks */ = {isa = PBXBuildFile; fileRef = 8B7B7017AB4F449FFB99FBA4 /* CoreMedia.framework */; };
		5E76BA40086843107AB34376 /* BuddyBuildSDK.framework in Frameworks */ = {isa = PBXBuildFile; fileRef = EDD1179F82EAAB515E2DD540 /* BuddyBuildSDK.framework */; };
		7A13913E1DC1619000B2DBD7 /* ReactiveSwift.framework in Frameworks */ = {isa = PBXBuildFile; fileRef = 7AB44C031DAD7A7C0082AE6B /* ReactiveSwift.framework */; };
		7A13913F1DC1619000B2DBD7 /* Result.framework in Frameworks */ = {isa = PBXBuildFile; fileRef = 7AB44C041DAD7A7C0082AE6B /* Result.framework */; };
		7A1391401DC161C800B2DBD7 /* AccountController.swift in Sources */ = {isa = PBXBuildFile; fileRef = 7ABDDD051DAED0ED000D0D79 /* AccountController.swift */; };
		7A1391411DC161E200B2DBD7 /* TimelineContentProvider.swift in Sources */ = {isa = PBXBuildFile; fileRef = 7AB44C001DAD78CC0082AE6B /* TimelineContentProvider.swift */; };
		7A1391421DC161F300B2DBD7 /* testers.json in Resources */ = {isa = PBXBuildFile; fileRef = 7A1660A81DAFF29100AEBC50 /* testers.json */; };
		7A1391431DC1623300B2DBD7 /* RGLockboxIOS.framework in Frameworks */ = {isa = PBXBuildFile; fileRef = 7A80E2021DB1488900E22CD9 /* RGLockboxIOS.framework */; };
		7A1391441DC1623300B2DBD7 /* CryptoSwift.framework in Frameworks */ = {isa = PBXBuildFile; fileRef = 7AB44C0E1DAE70E20082AE6B /* CryptoSwift.framework */; };
		7A1391451DC1623800B2DBD7 /* SwiftyJSON.framework in Frameworks */ = {isa = PBXBuildFile; fileRef = 7AB44C051DAD7A7D0082AE6B /* SwiftyJSON.framework */; };
		7A1391461DC1624D00B2DBD7 /* ReactiveCocoa.framework in Frameworks */ = {isa = PBXBuildFile; fileRef = 7AB44C021DAD7A7C0082AE6B /* ReactiveCocoa.framework */; };
		7A1660A31DAEDC0500AEBC50 /* TimelineView.swift in Sources */ = {isa = PBXBuildFile; fileRef = 7A1660A21DAEDC0500AEBC50 /* TimelineView.swift */; };
		7A1660A51DAF125800AEBC50 /* ComposeMessageViewController.swift in Sources */ = {isa = PBXBuildFile; fileRef = 7A1660A41DAF125800AEBC50 /* ComposeMessageViewController.swift */; };
		7A32BB341DC95FCD00F1F5A2 /* VolteStorage.xcdatamodeld in Sources */ = {isa = PBXBuildFile; fileRef = 7A32BB321DC95FCD00F1F5A2 /* VolteStorage.xcdatamodeld */; };
		7A32BB361DC960D000F1F5A2 /* StorageController.swift in Sources */ = {isa = PBXBuildFile; fileRef = 7A32BB351DC960D000F1F5A2 /* StorageController.swift */; };
		7A754C121DB7D19100376570 /* LoadingViewController.swift in Sources */ = {isa = PBXBuildFile; fileRef = 7A754C111DB7D19100376570 /* LoadingViewController.swift */; };
		7A7DE3B21DB8404D00D71FD8 /* Localizable.strings in Resources */ = {isa = PBXBuildFile; fileRef = 7A7DE3B41DB8404D00D71FD8 /* Localizable.strings */; };
		7A7DE3B71DB8420200D71FD8 /* Localizations.swift in Sources */ = {isa = PBXBuildFile; fileRef = 7A7DE3B61DB8420200D71FD8 /* Localizations.swift */; };
		7A7DE3B91DB8476F00D71FD8 /* LoginViewController.xib in Resources */ = {isa = PBXBuildFile; fileRef = 7A7DE3BB1DB8476F00D71FD8 /* LoginViewController.xib */; };
		7A7DE3C11DB9105E00D71FD8 /* Launch Screen.storyboard in Resources */ = {isa = PBXBuildFile; fileRef = 7A7DE3C01DB9105E00D71FD8 /* Launch Screen.storyboard */; };
		7A80E2031DB1488900E22CD9 /* RGLockboxIOS.framework in Frameworks */ = {isa = PBXBuildFile; fileRef = 7A80E2021DB1488900E22CD9 /* RGLockboxIOS.framework */; };
		7A80E2041DB1488900E22CD9 /* RGLockboxIOS.framework in Embed Frameworks */ = {isa = PBXBuildFile; fileRef = 7A80E2021DB1488900E22CD9 /* RGLockboxIOS.framework */; settings = {ATTRIBUTES = (CodeSignOnCopy, RemoveHeadersOnCopy, ); }; };
		7AACD21D1DC037A800AC1249 /* VolteCore.h in Headers */ = {isa = PBXBuildFile; fileRef = 7AACD21B1DC037A800AC1249 /* VolteCore.h */; settings = {ATTRIBUTES = (Public, ); }; };
		7AACD2201DC037A800AC1249 /* VolteCore.framework in Frameworks */ = {isa = PBXBuildFile; fileRef = 7AACD2191DC037A800AC1249 /* VolteCore.framework */; };
		7AACD2211DC037A800AC1249 /* VolteCore.framework in Embed Frameworks */ = {isa = PBXBuildFile; fileRef = 7AACD2191DC037A800AC1249 /* VolteCore.framework */; settings = {ATTRIBUTES = (CodeSignOnCopy, RemoveHeadersOnCopy, ); }; };
		7AACD2261DC0382900AC1249 /* MessageComposer.swift in Sources */ = {isa = PBXBuildFile; fileRef = 7AACD2251DC0382900AC1249 /* MessageComposer.swift */; };
		7AACD2401DC1609A00AC1249 /* MailCore.framework in Frameworks */ = {isa = PBXBuildFile; fileRef = 7ADFD5C61DAD22130070C5BE /* MailCore.framework */; };
		7AB44BFF1DAD69F10082AE6B /* TimelineViewController.swift in Sources */ = {isa = PBXBuildFile; fileRef = 7AB44BFE1DAD69F10082AE6B /* TimelineViewController.swift */; };
		7AB44C061DAD7A7D0082AE6B /* ReactiveCocoa.framework in Frameworks */ = {isa = PBXBuildFile; fileRef = 7AB44C021DAD7A7C0082AE6B /* ReactiveCocoa.framework */; };
		7AB44C071DAD7A7D0082AE6B /* ReactiveCocoa.framework in Embed Frameworks */ = {isa = PBXBuildFile; fileRef = 7AB44C021DAD7A7C0082AE6B /* ReactiveCocoa.framework */; settings = {ATTRIBUTES = (CodeSignOnCopy, RemoveHeadersOnCopy, ); }; };
		7AB44C081DAD7A7D0082AE6B /* ReactiveSwift.framework in Frameworks */ = {isa = PBXBuildFile; fileRef = 7AB44C031DAD7A7C0082AE6B /* ReactiveSwift.framework */; };
		7AB44C091DAD7A7D0082AE6B /* ReactiveSwift.framework in Embed Frameworks */ = {isa = PBXBuildFile; fileRef = 7AB44C031DAD7A7C0082AE6B /* ReactiveSwift.framework */; settings = {ATTRIBUTES = (CodeSignOnCopy, RemoveHeadersOnCopy, ); }; };
		7AB44C0A1DAD7A7D0082AE6B /* Result.framework in Frameworks */ = {isa = PBXBuildFile; fileRef = 7AB44C041DAD7A7C0082AE6B /* Result.framework */; };
		7AB44C0B1DAD7A7D0082AE6B /* Result.framework in Embed Frameworks */ = {isa = PBXBuildFile; fileRef = 7AB44C041DAD7A7C0082AE6B /* Result.framework */; settings = {ATTRIBUTES = (CodeSignOnCopy, RemoveHeadersOnCopy, ); }; };
		7AB44C0C1DAD7A7D0082AE6B /* SwiftyJSON.framework in Frameworks */ = {isa = PBXBuildFile; fileRef = 7AB44C051DAD7A7D0082AE6B /* SwiftyJSON.framework */; };
		7AB44C0D1DAD7A7D0082AE6B /* SwiftyJSON.framework in Embed Frameworks */ = {isa = PBXBuildFile; fileRef = 7AB44C051DAD7A7D0082AE6B /* SwiftyJSON.framework */; settings = {ATTRIBUTES = (CodeSignOnCopy, RemoveHeadersOnCopy, ); }; };
		7AB44C0F1DAE70E20082AE6B /* CryptoSwift.framework in Frameworks */ = {isa = PBXBuildFile; fileRef = 7AB44C0E1DAE70E20082AE6B /* CryptoSwift.framework */; };
		7AB44C101DAE70E20082AE6B /* CryptoSwift.framework in Embed Frameworks */ = {isa = PBXBuildFile; fileRef = 7AB44C0E1DAE70E20082AE6B /* CryptoSwift.framework */; settings = {ATTRIBUTES = (CodeSignOnCopy, RemoveHeadersOnCopy, ); }; };
		7AB44C181DAE9A000082AE6B /* TimelineMessageCell.swift in Sources */ = {isa = PBXBuildFile; fileRef = 7AB44C171DAE9A000082AE6B /* TimelineMessageCell.swift */; };
		7ABDDD041DAED0BC000D0D79 /* RootViewController.swift in Sources */ = {isa = PBXBuildFile; fileRef = 7ABDDD031DAED0BC000D0D79 /* RootViewController.swift */; };
		7ABF0E8B1DC40AB60041CBB2 /* LinkedData.framework in Frameworks */ = {isa = PBXBuildFile; fileRef = 7ABF0E821DC40AB60041CBB2 /* LinkedData.framework */; };
		7ABF0E901DC40AB60041CBB2 /* LinkedDataTests.swift in Sources */ = {isa = PBXBuildFile; fileRef = 7ABF0E8F1DC40AB60041CBB2 /* LinkedDataTests.swift */; };
		7ABF0E921DC40AB60041CBB2 /* LinkedData.h in Headers */ = {isa = PBXBuildFile; fileRef = 7ABF0E841DC40AB60041CBB2 /* LinkedData.h */; settings = {ATTRIBUTES = (Public, ); }; };
		7ABF0E9A1DC431BD0041CBB2 /* Node.swift in Sources */ = {isa = PBXBuildFile; fileRef = 7ABF0E991DC431BD0041CBB2 /* Node.swift */; };
		7AD9ECDA1DC172CB001FAAF7 /* ShareViewController.swift in Sources */ = {isa = PBXBuildFile; fileRef = 7AD9ECD91DC172CB001FAAF7 /* ShareViewController.swift */; };
		7AD9ECDD1DC172CB001FAAF7 /* MainInterface.storyboard in Resources */ = {isa = PBXBuildFile; fileRef = 7AD9ECDB1DC172CB001FAAF7 /* MainInterface.storyboard */; };
		7AD9ECE11DC172CB001FAAF7 /* Sharing.appex in Embed App Extensions */ = {isa = PBXBuildFile; fileRef = 7AD9ECD71DC172CB001FAAF7 /* Sharing.appex */; settings = {ATTRIBUTES = (RemoveHeadersOnCopy, ); }; };
		7AD9ECE71DC17525001FAAF7 /* RGLockboxIOS.framework in Frameworks */ = {isa = PBXBuildFile; fileRef = 7A80E2021DB1488900E22CD9 /* RGLockboxIOS.framework */; };
		7AD9ECE81DC17525001FAAF7 /* ReactiveCocoa.framework in Frameworks */ = {isa = PBXBuildFile; fileRef = 7AB44C021DAD7A7C0082AE6B /* ReactiveCocoa.framework */; };
		7AD9ECE91DC17525001FAAF7 /* ReactiveSwift.framework in Frameworks */ = {isa = PBXBuildFile; fileRef = 7AB44C031DAD7A7C0082AE6B /* ReactiveSwift.framework */; };
		7AD9ECEA1DC17525001FAAF7 /* Result.framework in Frameworks */ = {isa = PBXBuildFile; fileRef = 7AB44C041DAD7A7C0082AE6B /* Result.framework */; };
		7AD9ECEB1DC17525001FAAF7 /* SwiftyJSON.framework in Frameworks */ = {isa = PBXBuildFile; fileRef = 7AB44C051DAD7A7D0082AE6B /* SwiftyJSON.framework */; };
		7AD9ECEC1DC17525001FAAF7 /* MailCore.framework in Frameworks */ = {isa = PBXBuildFile; fileRef = 7ADFD5C61DAD22130070C5BE /* MailCore.framework */; };
		7AD9ECEF1DC1752C001FAAF7 /* VolteCore.framework in Frameworks */ = {isa = PBXBuildFile; fileRef = 7AACD2191DC037A800AC1249 /* VolteCore.framework */; };
		7AD9ECF11DC17E5D001FAAF7 /* Security.framework in Frameworks */ = {isa = PBXBuildFile; fileRef = 7AD9ECF01DC17E5D001FAAF7 /* Security.framework */; };
		7AD9ECF21DC17E69001FAAF7 /* Security.framework in Frameworks */ = {isa = PBXBuildFile; fileRef = 7AD9ECF01DC17E5D001FAAF7 /* Security.framework */; };
		7ADAC3505C800341EF4A34FC /* CoreVideo.framework in Frameworks */ = {isa = PBXBuildFile; fileRef = 53C8D051CCF7528339401977 /* CoreVideo.framework */; };
		7ADFD5B51DAD1E7E0070C5BE /* AppDelegate.swift in Sources */ = {isa = PBXBuildFile; fileRef = 7ADFD5B41DAD1E7E0070C5BE /* AppDelegate.swift */; };
		7ADFD5B71DAD1E7E0070C5BE /* LoginViewController.swift in Sources */ = {isa = PBXBuildFile; fileRef = 7ADFD5B61DAD1E7E0070C5BE /* LoginViewController.swift */; };
		7ADFD5BC1DAD1E7E0070C5BE /* Assets.xcassets in Resources */ = {isa = PBXBuildFile; fileRef = 7ADFD5BB1DAD1E7E0070C5BE /* Assets.xcassets */; };
		7ADFD5C71DAD22130070C5BE /* MailCore.framework in Frameworks */ = {isa = PBXBuildFile; fileRef = 7ADFD5C61DAD22130070C5BE /* MailCore.framework */; };
		7ADFD5C81DAD22130070C5BE /* MailCore.framework in Embed Frameworks */ = {isa = PBXBuildFile; fileRef = 7ADFD5C61DAD22130070C5BE /* MailCore.framework */; settings = {ATTRIBUTES = (CodeSignOnCopy, RemoveHeadersOnCopy, ); }; };
		7AE2D8981DC18E8B009BA8BA /* Localizable.strings in Resources */ = {isa = PBXBuildFile; fileRef = 7AE2D89A1DC18E8B009BA8BA /* Localizable.strings */; };
		7AE2D89D1DC18FC1009BA8BA /* Localizations.swift in Sources */ = {isa = PBXBuildFile; fileRef = 7AE2D89C1DC18FC1009BA8BA /* Localizations.swift */; };
		7AFECF061DB28CBA001A0E6B /* 1Password.xcassets in Resources */ = {isa = PBXBuildFile; fileRef = 7AFECF031DB28CBA001A0E6B /* 1Password.xcassets */; };
		7AFECF071DB28CBA001A0E6B /* OnePasswordExtension.m in Sources */ = {isa = PBXBuildFile; fileRef = 7AFECF051DB28CBA001A0E6B /* OnePasswordExtension.m */; };
		B45FE76137DA7D98DA407945 /* QuartzCore.framework in Frameworks */ = {isa = PBXBuildFile; fileRef = 7F9D51215CAF110225FDBED0 /* QuartzCore.framework */; };
		BCE642410C839D1CEF2F1AA7 /* AVFoundation.framework in Frameworks */ = {isa = PBXBuildFile; fileRef = 5FC9C7FAEC2B1D05F69E46AB /* AVFoundation.framework */; };
		C6175B922EB7411D41DE531F /* AssetsLibrary.framework in Frameworks */ = {isa = PBXBuildFile; fileRef = 9DA933E0D590AD4A9F41A79E /* AssetsLibrary.framework */; };
		CFF0AFC6186EEC857A94A419 /* SystemConfiguration.framework in Frameworks */ = {isa = PBXBuildFile; fileRef = 28092AB9CBA2796F233A97FF /* SystemConfiguration.framework */; };
		FE40AD08426EDD8A3D4B0CD4 /* CoreTelephony.framework in Frameworks */ = {isa = PBXBuildFile; fileRef = 37A97DD264B994C0F167607E /* CoreTelephony.framework */; };
/* End PBXBuildFile section */

/* Begin PBXContainerItemProxy section */
		7AACD21E1DC037A800AC1249 /* PBXContainerItemProxy */ = {
			isa = PBXContainerItemProxy;
			containerPortal = 7ADFD5A91DAD1E7E0070C5BE /* Project object */;
			proxyType = 1;
			remoteGlobalIDString = 7AACD2181DC037A800AC1249;
			remoteInfo = VolteCore;
		};
		7ABF0E8C1DC40AB60041CBB2 /* PBXContainerItemProxy */ = {
			isa = PBXContainerItemProxy;
			containerPortal = 7ADFD5A91DAD1E7E0070C5BE /* Project object */;
			proxyType = 1;
			remoteGlobalIDString = 7ABF0E811DC40AB60041CBB2;
			remoteInfo = LinkedData;
		};
		7AD9ECDF1DC172CB001FAAF7 /* PBXContainerItemProxy */ = {
			isa = PBXContainerItemProxy;
			containerPortal = 7ADFD5A91DAD1E7E0070C5BE /* Project object */;
			proxyType = 1;
			remoteGlobalIDString = 7AD9ECD61DC172CB001FAAF7;
			remoteInfo = Sharing;
		};
		7AD9ECED1DC17529001FAAF7 /* PBXContainerItemProxy */ = {
			isa = PBXContainerItemProxy;
			containerPortal = 7ADFD5A91DAD1E7E0070C5BE /* Project object */;
			proxyType = 1;
			remoteGlobalIDString = 7AACD2181DC037A800AC1249;
			remoteInfo = VolteCore;
		};
/* End PBXContainerItemProxy section */

/* Begin PBXCopyFilesBuildPhase section */
		7AD9ECA41DC17033001FAAF7 /* Embed App Extensions */ = {
			isa = PBXCopyFilesBuildPhase;
			buildActionMask = 2147483647;
			dstPath = "";
			dstSubfolderSpec = 13;
			files = (
				7AD9ECE11DC172CB001FAAF7 /* Sharing.appex in Embed App Extensions */,
			);
			name = "Embed App Extensions";
			runOnlyForDeploymentPostprocessing = 0;
		};
		7ADFD5C91DAD22130070C5BE /* Embed Frameworks */ = {
			isa = PBXCopyFilesBuildPhase;
			buildActionMask = 2147483647;
			dstPath = "";
			dstSubfolderSpec = 10;
			files = (
				7ADFD5C81DAD22130070C5BE /* MailCore.framework in Embed Frameworks */,
				7A80E2041DB1488900E22CD9 /* RGLockboxIOS.framework in Embed Frameworks */,
				7AACD2211DC037A800AC1249 /* VolteCore.framework in Embed Frameworks */,
				7AB44C071DAD7A7D0082AE6B /* ReactiveCocoa.framework in Embed Frameworks */,
				7AB44C091DAD7A7D0082AE6B /* ReactiveSwift.framework in Embed Frameworks */,
				7AB44C101DAE70E20082AE6B /* CryptoSwift.framework in Embed Frameworks */,
				7AB44C0B1DAD7A7D0082AE6B /* Result.framework in Embed Frameworks */,
				7AB44C0D1DAD7A7D0082AE6B /* SwiftyJSON.framework in Embed Frameworks */,
			);
			name = "Embed Frameworks";
			runOnlyForDeploymentPostprocessing = 0;
		};
/* End PBXCopyFilesBuildPhase section */

/* Begin PBXFileReference section */
		28092AB9CBA2796F233A97FF /* SystemConfiguration.framework */ = {isa = PBXFileReference; lastKnownFileType = wrapper.framework; name = SystemConfiguration.framework; path = System/Library/Frameworks/SystemConfiguration.framework; sourceTree = SDKROOT; };
		37A97DD264B994C0F167607E /* CoreTelephony.framework */ = {isa = PBXFileReference; lastKnownFileType = wrapper.framework; name = CoreTelephony.framework; path = System/Library/Frameworks/CoreTelephony.framework; sourceTree = SDKROOT; };
		53C8D051CCF7528339401977 /* CoreVideo.framework */ = {isa = PBXFileReference; lastKnownFileType = wrapper.framework; name = CoreVideo.framework; path = System/Library/Frameworks/CoreVideo.framework; sourceTree = SDKROOT; };
		5928BB7B739DB6804DA652D3 /* CoreText.framework */ = {isa = PBXFileReference; lastKnownFileType = wrapper.framework; name = CoreText.framework; path = System/Library/Frameworks/CoreText.framework; sourceTree = SDKROOT; };
		5FC9C7FAEC2B1D05F69E46AB /* AVFoundation.framework */ = {isa = PBXFileReference; lastKnownFileType = wrapper.framework; name = AVFoundation.framework; path = System/Library/Frameworks/AVFoundation.framework; sourceTree = SDKROOT; };
		7A1660A21DAEDC0500AEBC50 /* TimelineView.swift */ = {isa = PBXFileReference; fileEncoding = 4; lastKnownFileType = sourcecode.swift; path = TimelineView.swift; sourceTree = "<group>"; };
		7A1660A41DAF125800AEBC50 /* ComposeMessageViewController.swift */ = {isa = PBXFileReference; fileEncoding = 4; lastKnownFileType = sourcecode.swift; path = ComposeMessageViewController.swift; sourceTree = "<group>"; };
		7A1660A81DAFF29100AEBC50 /* testers.json */ = {isa = PBXFileReference; fileEncoding = 4; lastKnownFileType = text.json; path = testers.json; sourceTree = "<group>"; };
		7A32BB331DC95FCD00F1F5A2 /* VolteStorage.xcdatamodel */ = {isa = PBXFileReference; lastKnownFileType = wrapper.xcdatamodel; path = VolteStorage.xcdatamodel; sourceTree = "<group>"; };
		7A32BB351DC960D000F1F5A2 /* StorageController.swift */ = {isa = PBXFileReference; fileEncoding = 4; lastKnownFileType = sourcecode.swift; path = StorageController.swift; sourceTree = "<group>"; };
		7A754C111DB7D19100376570 /* LoadingViewController.swift */ = {isa = PBXFileReference; fileEncoding = 4; lastKnownFileType = sourcecode.swift; path = LoadingViewController.swift; sourceTree = "<group>"; };
		7A7DE3B51DB8407C00D71FD8 /* fr */ = {isa = PBXFileReference; lastKnownFileType = text.plist.strings; name = fr; path = fr.lproj/Localizable.strings; sourceTree = "<group>"; };
		7A7DE3B61DB8420200D71FD8 /* Localizations.swift */ = {isa = PBXFileReference; fileEncoding = 4; lastKnownFileType = sourcecode.swift; path = Localizations.swift; sourceTree = "<group>"; };
		7A7DE3B81DB8462C00D71FD8 /* en */ = {isa = PBXFileReference; lastKnownFileType = text.plist.strings; name = en; path = en.lproj/Localizable.strings; sourceTree = "<group>"; };
		7A7DE3BA1DB8476F00D71FD8 /* en */ = {isa = PBXFileReference; lastKnownFileType = file.xib; name = en; path = en.lproj/LoginViewController.xib; sourceTree = "<group>"; };
		7A7DE3BC1DB8477200D71FD8 /* fr */ = {isa = PBXFileReference; lastKnownFileType = file.xib; name = fr; path = fr.lproj/LoginViewController.xib; sourceTree = "<group>"; };
		7A7DE3C01DB9105E00D71FD8 /* Launch Screen.storyboard */ = {isa = PBXFileReference; fileEncoding = 4; lastKnownFileType = file.storyboard; path = "Launch Screen.storyboard"; sourceTree = "<group>"; };
		7A80E2021DB1488900E22CD9 /* RGLockboxIOS.framework */ = {isa = PBXFileReference; lastKnownFileType = wrapper.framework; name = RGLockboxIOS.framework; path = Carthage/Build/iOS/RGLockboxIOS.framework; sourceTree = "<group>"; };
		7AACD2191DC037A800AC1249 /* VolteCore.framework */ = {isa = PBXFileReference; explicitFileType = wrapper.framework; includeInIndex = 0; path = VolteCore.framework; sourceTree = BUILT_PRODUCTS_DIR; };
		7AACD21B1DC037A800AC1249 /* VolteCore.h */ = {isa = PBXFileReference; lastKnownFileType = sourcecode.c.h; path = VolteCore.h; sourceTree = "<group>"; };
		7AACD21C1DC037A800AC1249 /* Info.plist */ = {isa = PBXFileReference; lastKnownFileType = text.plist.xml; path = Info.plist; sourceTree = "<group>"; };
		7AACD2251DC0382900AC1249 /* MessageComposer.swift */ = {isa = PBXFileReference; fileEncoding = 4; lastKnownFileType = sourcecode.swift; path = MessageComposer.swift; sourceTree = "<group>"; };
		7AB44BFE1DAD69F10082AE6B /* TimelineViewController.swift */ = {isa = PBXFileReference; fileEncoding = 4; lastKnownFileType = sourcecode.swift; path = TimelineViewController.swift; sourceTree = "<group>"; };
		7AB44C001DAD78CC0082AE6B /* TimelineContentProvider.swift */ = {isa = PBXFileReference; fileEncoding = 4; lastKnownFileType = sourcecode.swift; path = TimelineContentProvider.swift; sourceTree = "<group>"; };
		7AB44C021DAD7A7C0082AE6B /* ReactiveCocoa.framework */ = {isa = PBXFileReference; lastKnownFileType = wrapper.framework; name = ReactiveCocoa.framework; path = Carthage/Build/iOS/ReactiveCocoa.framework; sourceTree = "<group>"; };
		7AB44C031DAD7A7C0082AE6B /* ReactiveSwift.framework */ = {isa = PBXFileReference; lastKnownFileType = wrapper.framework; name = ReactiveSwift.framework; path = Carthage/Build/iOS/ReactiveSwift.framework; sourceTree = "<group>"; };
		7AB44C041DAD7A7C0082AE6B /* Result.framework */ = {isa = PBXFileReference; lastKnownFileType = wrapper.framework; name = Result.framework; path = Carthage/Build/iOS/Result.framework; sourceTree = "<group>"; };
		7AB44C051DAD7A7D0082AE6B /* SwiftyJSON.framework */ = {isa = PBXFileReference; lastKnownFileType = wrapper.framework; name = SwiftyJSON.framework; path = Carthage/Build/iOS/SwiftyJSON.framework; sourceTree = "<group>"; };
		7AB44C0E1DAE70E20082AE6B /* CryptoSwift.framework */ = {isa = PBXFileReference; lastKnownFileType = wrapper.framework; name = CryptoSwift.framework; path = Carthage/Build/iOS/CryptoSwift.framework; sourceTree = "<group>"; };
		7AB44C171DAE9A000082AE6B /* TimelineMessageCell.swift */ = {isa = PBXFileReference; fileEncoding = 4; lastKnownFileType = sourcecode.swift; path = TimelineMessageCell.swift; sourceTree = "<group>"; };
		7ABDDD031DAED0BC000D0D79 /* RootViewController.swift */ = {isa = PBXFileReference; fileEncoding = 4; lastKnownFileType = sourcecode.swift; path = RootViewController.swift; sourceTree = "<group>"; };
		7ABDDD051DAED0ED000D0D79 /* AccountController.swift */ = {isa = PBXFileReference; fileEncoding = 4; lastKnownFileType = sourcecode.swift; path = AccountController.swift; sourceTree = "<group>"; };
		7ABF0E821DC40AB60041CBB2 /* LinkedData.framework */ = {isa = PBXFileReference; explicitFileType = wrapper.framework; includeInIndex = 0; path = LinkedData.framework; sourceTree = BUILT_PRODUCTS_DIR; };
		7ABF0E841DC40AB60041CBB2 /* LinkedData.h */ = {isa = PBXFileReference; lastKnownFileType = sourcecode.c.h; path = LinkedData.h; sourceTree = "<group>"; };
		7ABF0E851DC40AB60041CBB2 /* Info.plist */ = {isa = PBXFileReference; lastKnownFileType = text.plist.xml; path = Info.plist; sourceTree = "<group>"; };
		7ABF0E8A1DC40AB60041CBB2 /* LinkedDataTests.xctest */ = {isa = PBXFileReference; explicitFileType = wrapper.cfbundle; includeInIndex = 0; path = LinkedDataTests.xctest; sourceTree = BUILT_PRODUCTS_DIR; };
		7ABF0E8F1DC40AB60041CBB2 /* LinkedDataTests.swift */ = {isa = PBXFileReference; lastKnownFileType = sourcecode.swift; path = LinkedDataTests.swift; sourceTree = "<group>"; };
		7ABF0E911DC40AB60041CBB2 /* Info.plist */ = {isa = PBXFileReference; lastKnownFileType = text.plist.xml; path = Info.plist; sourceTree = "<group>"; };
		7ABF0E991DC431BD0041CBB2 /* Node.swift */ = {isa = PBXFileReference; fileEncoding = 4; lastKnownFileType = sourcecode.swift; path = Node.swift; sourceTree = "<group>"; };
		7AD9ECD71DC172CB001FAAF7 /* Sharing.appex */ = {isa = PBXFileReference; explicitFileType = "wrapper.app-extension"; includeInIndex = 0; path = Sharing.appex; sourceTree = BUILT_PRODUCTS_DIR; };
		7AD9ECD91DC172CB001FAAF7 /* ShareViewController.swift */ = {isa = PBXFileReference; lastKnownFileType = sourcecode.swift; path = ShareViewController.swift; sourceTree = "<group>"; };
		7AD9ECDC1DC172CB001FAAF7 /* Base */ = {isa = PBXFileReference; lastKnownFileType = file.storyboard; name = Base; path = Base.lproj/MainInterface.storyboard; sourceTree = "<group>"; };
		7AD9ECDE1DC172CB001FAAF7 /* Info.plist */ = {isa = PBXFileReference; lastKnownFileType = text.plist.xml; path = Info.plist; sourceTree = "<group>"; };
		7AD9ECE51DC1737E001FAAF7 /* Sharing.entitlements */ = {isa = PBXFileReference; lastKnownFileType = text.plist.entitlements; path = Sharing.entitlements; sourceTree = "<group>"; };
		7AD9ECE61DC1738D001FAAF7 /* Volte.entitlements */ = {isa = PBXFileReference; lastKnownFileType = text.plist.entitlements; path = Volte.entitlements; sourceTree = "<group>"; };
		7AD9ECF01DC17E5D001FAAF7 /* Security.framework */ = {isa = PBXFileReference; lastKnownFileType = wrapper.framework; name = Security.framework; path = System/Library/Frameworks/Security.framework; sourceTree = SDKROOT; };
		7ADFD5B11DAD1E7E0070C5BE /* Volte.app */ = {isa = PBXFileReference; explicitFileType = wrapper.application; includeInIndex = 0; path = Volte.app; sourceTree = BUILT_PRODUCTS_DIR; };
		7ADFD5B41DAD1E7E0070C5BE /* AppDelegate.swift */ = {isa = PBXFileReference; lastKnownFileType = sourcecode.swift; path = AppDelegate.swift; sourceTree = "<group>"; };
		7ADFD5B61DAD1E7E0070C5BE /* LoginViewController.swift */ = {isa = PBXFileReference; lastKnownFileType = sourcecode.swift; lineEnding = 0; path = LoginViewController.swift; sourceTree = "<group>"; };
		7ADFD5BB1DAD1E7E0070C5BE /* Assets.xcassets */ = {isa = PBXFileReference; lastKnownFileType = folder.assetcatalog; path = Assets.xcassets; sourceTree = "<group>"; };
		7ADFD5C01DAD1E7E0070C5BE /* Info.plist */ = {isa = PBXFileReference; lastKnownFileType = text.plist.xml; path = Info.plist; sourceTree = "<group>"; };
		7ADFD5C61DAD22130070C5BE /* MailCore.framework */ = {isa = PBXFileReference; lastKnownFileType = wrapper.framework; name = MailCore.framework; path = Carthage/Build/iOS/MailCore.framework; sourceTree = "<group>"; };
		7ADFD5CA1DAD22B10070C5BE /* Volte-Bridging-Header.h */ = {isa = PBXFileReference; lastKnownFileType = sourcecode.c.h; path = "Volte-Bridging-Header.h"; sourceTree = "<group>"; };
		7AE2D8991DC18E8B009BA8BA /* en */ = {isa = PBXFileReference; lastKnownFileType = text.plist.strings; name = en; path = en.lproj/Localizable.strings; sourceTree = "<group>"; };
		7AE2D89B1DC18F3A009BA8BA /* fr */ = {isa = PBXFileReference; lastKnownFileType = text.plist.strings; name = fr; path = fr.lproj/Localizable.strings; sourceTree = "<group>"; };
		7AE2D89C1DC18FC1009BA8BA /* Localizations.swift */ = {isa = PBXFileReference; fileEncoding = 4; lastKnownFileType = sourcecode.swift; path = Localizations.swift; sourceTree = "<group>"; };
		7AFECF031DB28CBA001A0E6B /* 1Password.xcassets */ = {isa = PBXFileReference; lastKnownFileType = folder.assetcatalog; path = 1Password.xcassets; sourceTree = "<group>"; };
		7AFECF041DB28CBA001A0E6B /* OnePasswordExtension.h */ = {isa = PBXFileReference; fileEncoding = 4; lastKnownFileType = sourcecode.c.h; path = OnePasswordExtension.h; sourceTree = "<group>"; };
		7AFECF051DB28CBA001A0E6B /* OnePasswordExtension.m */ = {isa = PBXFileReference; fileEncoding = 4; lastKnownFileType = sourcecode.c.objc; path = OnePasswordExtension.m; sourceTree = "<group>"; };
		7F9D51215CAF110225FDBED0 /* QuartzCore.framework */ = {isa = PBXFileReference; lastKnownFileType = wrapper.framework; name = QuartzCore.framework; path = System/Library/Frameworks/QuartzCore.framework; sourceTree = SDKROOT; };
		8B7B7017AB4F449FFB99FBA4 /* CoreMedia.framework */ = {isa = PBXFileReference; lastKnownFileType = wrapper.framework; name = CoreMedia.framework; path = System/Library/Frameworks/CoreMedia.framework; sourceTree = SDKROOT; };
		9DA933E0D590AD4A9F41A79E /* AssetsLibrary.framework */ = {isa = PBXFileReference; lastKnownFileType = wrapper.framework; name = AssetsLibrary.framework; path = System/Library/Frameworks/AssetsLibrary.framework; sourceTree = SDKROOT; };
		EDD1179F82EAAB515E2DD540 /* BuddyBuildSDK.framework */ = {isa = PBXFileReference; lastKnownFileType = wrapper.framework; path = BuddyBuildSDK.framework; sourceTree = "<group>"; };
/* End PBXFileReference section */

/* Begin PBXFrameworksBuildPhase section */
		7AACD2151DC037A800AC1249 /* Frameworks */ = {
			isa = PBXFrameworksBuildPhase;
			buildActionMask = 2147483647;
			files = (
				7AD9ECF21DC17E69001FAAF7 /* Security.framework in Frameworks */,
				7AACD2401DC1609A00AC1249 /* MailCore.framework in Frameworks */,
				7A13913E1DC1619000B2DBD7 /* ReactiveSwift.framework in Frameworks */,
				7A1391461DC1624D00B2DBD7 /* ReactiveCocoa.framework in Frameworks */,
				7A1391451DC1623800B2DBD7 /* SwiftyJSON.framework in Frameworks */,
				7A1391431DC1623300B2DBD7 /* RGLockboxIOS.framework in Frameworks */,
				7A1391441DC1623300B2DBD7 /* CryptoSwift.framework in Frameworks */,
				7A13913F1DC1619000B2DBD7 /* Result.framework in Frameworks */,
			);
			runOnlyForDeploymentPostprocessing = 0;
		};
		7ABF0E7E1DC40AB60041CBB2 /* Frameworks */ = {
			isa = PBXFrameworksBuildPhase;
			buildActionMask = 2147483647;
			files = (
			);
			runOnlyForDeploymentPostprocessing = 0;
		};
		7ABF0E871DC40AB60041CBB2 /* Frameworks */ = {
			isa = PBXFrameworksBuildPhase;
			buildActionMask = 2147483647;
			files = (
				7ABF0E8B1DC40AB60041CBB2 /* LinkedData.framework in Frameworks */,
			);
			runOnlyForDeploymentPostprocessing = 0;
		};
		7AD9ECD41DC172CB001FAAF7 /* Frameworks */ = {
			isa = PBXFrameworksBuildPhase;
			buildActionMask = 2147483647;
			files = (
				7AD9ECEF1DC1752C001FAAF7 /* VolteCore.framework in Frameworks */,
				7AD9ECE71DC17525001FAAF7 /* RGLockboxIOS.framework in Frameworks */,
				7AD9ECE81DC17525001FAAF7 /* ReactiveCocoa.framework in Frameworks */,
				7AD9ECE91DC17525001FAAF7 /* ReactiveSwift.framework in Frameworks */,
				7AD9ECEA1DC17525001FAAF7 /* Result.framework in Frameworks */,
				7AD9ECEB1DC17525001FAAF7 /* SwiftyJSON.framework in Frameworks */,
				7AD9ECEC1DC17525001FAAF7 /* MailCore.framework in Frameworks */,
			);
			runOnlyForDeploymentPostprocessing = 0;
		};
		7ADFD5AE1DAD1E7E0070C5BE /* Frameworks */ = {
			isa = PBXFrameworksBuildPhase;
			buildActionMask = 2147483647;
			files = (
				7AD9ECF11DC17E5D001FAAF7 /* Security.framework in Frameworks */,
				7ADFD5C71DAD22130070C5BE /* MailCore.framework in Frameworks */,
				7A80E2031DB1488900E22CD9 /* RGLockboxIOS.framework in Frameworks */,
				7AB44C061DAD7A7D0082AE6B /* ReactiveCocoa.framework in Frameworks */,
				7AB44C081DAD7A7D0082AE6B /* ReactiveSwift.framework in Frameworks */,
				7AB44C0F1DAE70E20082AE6B /* CryptoSwift.framework in Frameworks */,
				7AB44C0A1DAD7A7D0082AE6B /* Result.framework in Frameworks */,
				7AB44C0C1DAD7A7D0082AE6B /* SwiftyJSON.framework in Frameworks */,
				5E76BA40086843107AB34376 /* BuddyBuildSDK.framework in Frameworks */,
				C6175B922EB7411D41DE531F /* AssetsLibrary.framework in Frameworks */,
				00FCE200D6931F0ADBA51CAC /* CoreText.framework in Frameworks */,
				7AACD2201DC037A800AC1249 /* VolteCore.framework in Frameworks */,
				FE40AD08426EDD8A3D4B0CD4 /* CoreTelephony.framework in Frameworks */,
				CFF0AFC6186EEC857A94A419 /* SystemConfiguration.framework in Frameworks */,
				B45FE76137DA7D98DA407945 /* QuartzCore.framework in Frameworks */,
				BCE642410C839D1CEF2F1AA7 /* AVFoundation.framework in Frameworks */,
				19776F0B187CC6DBB0D23204 /* CoreMedia.framework in Frameworks */,
				7ADAC3505C800341EF4A34FC /* CoreVideo.framework in Frameworks */,
			);
			runOnlyForDeploymentPostprocessing = 0;
		};
/* End PBXFrameworksBuildPhase section */

/* Begin PBXGroup section */
		7A1391471DC1626E00B2DBD7 /* Frameworks */ = {
			isa = PBXGroup;
			children = (
				7AD9ECF01DC17E5D001FAAF7 /* Security.framework */,
				EDD1179F82EAAB515E2DD540 /* BuddyBuildSDK.framework */,
				9DA933E0D590AD4A9F41A79E /* AssetsLibrary.framework */,
				5928BB7B739DB6804DA652D3 /* CoreText.framework */,
				37A97DD264B994C0F167607E /* CoreTelephony.framework */,
				28092AB9CBA2796F233A97FF /* SystemConfiguration.framework */,
				7F9D51215CAF110225FDBED0 /* QuartzCore.framework */,
				5FC9C7FAEC2B1D05F69E46AB /* AVFoundation.framework */,
				8B7B7017AB4F449FFB99FBA4 /* CoreMedia.framework */,
				53C8D051CCF7528339401977 /* CoreVideo.framework */,
				7A80E2021DB1488900E22CD9 /* RGLockboxIOS.framework */,
				7AB44C0E1DAE70E20082AE6B /* CryptoSwift.framework */,
				7AB44C021DAD7A7C0082AE6B /* ReactiveCocoa.framework */,
				7AB44C031DAD7A7C0082AE6B /* ReactiveSwift.framework */,
				7AB44C041DAD7A7C0082AE6B /* Result.framework */,
				7AB44C051DAD7A7D0082AE6B /* SwiftyJSON.framework */,
				7ADFD5C61DAD22130070C5BE /* MailCore.framework */,
			);
			name = Frameworks;
			sourceTree = "<group>";
		};
		7A1660A01DAEDA6100AEBC50 /* Login */ = {
			isa = PBXGroup;
			children = (
				7ADFD5B61DAD1E7E0070C5BE /* LoginViewController.swift */,
				7A7DE3BB1DB8476F00D71FD8 /* LoginViewController.xib */,
			);
			path = Login;
			sourceTree = "<group>";
		};
		7A1660A11DAEDA7200AEBC50 /* Timeline */ = {
			isa = PBXGroup;
			children = (
				7AB44C171DAE9A000082AE6B /* TimelineMessageCell.swift */,
				7A1660A21DAEDC0500AEBC50 /* TimelineView.swift */,
				7AB44BFE1DAD69F10082AE6B /* TimelineViewController.swift */,
			);
			path = Timeline;
			sourceTree = "<group>";
		};
		7A1660AA1DB05A4300AEBC50 /* Externals */ = {
			isa = PBXGroup;
			children = (
				7AFECF031DB28CBA001A0E6B /* 1Password.xcassets */,
				7AFECF041DB28CBA001A0E6B /* OnePasswordExtension.h */,
				7AFECF051DB28CBA001A0E6B /* OnePasswordExtension.m */,
			);
			path = Externals;
			sourceTree = "<group>";
		};
		7AACD21A1DC037A800AC1249 /* VolteCore */ = {
			isa = PBXGroup;
			children = (
				7ABDDD051DAED0ED000D0D79 /* AccountController.swift */,
				7AACD21C1DC037A800AC1249 /* Info.plist */,
				7AACD2251DC0382900AC1249 /* MessageComposer.swift */,
				7AB44C001DAD78CC0082AE6B /* TimelineContentProvider.swift */,
				7AACD21B1DC037A800AC1249 /* VolteCore.h */,
				7A1660A81DAFF29100AEBC50 /* testers.json */,
				7A32BB321DC95FCD00F1F5A2 /* VolteStorage.xcdatamodeld */,
				7A32BB351DC960D000F1F5A2 /* StorageController.swift */,
			);
			path = VolteCore;
			sourceTree = "<group>";
		};
		7ABF0E831DC40AB60041CBB2 /* LinkedData */ = {
			isa = PBXGroup;
			children = (
				7ABF0E841DC40AB60041CBB2 /* LinkedData.h */,
				7ABF0E851DC40AB60041CBB2 /* Info.plist */,
				7ABF0E991DC431BD0041CBB2 /* Node.swift */,
			);
			path = LinkedData;
			sourceTree = "<group>";
		};
		7ABF0E8E1DC40AB60041CBB2 /* LinkedDataTests */ = {
			isa = PBXGroup;
			children = (
				7ABF0E8F1DC40AB60041CBB2 /* LinkedDataTests.swift */,
				7ABF0E911DC40AB60041CBB2 /* Info.plist */,
			);
			path = LinkedDataTests;
			sourceTree = "<group>";
		};
		7AD9ECD81DC172CB001FAAF7 /* Sharing */ = {
			isa = PBXGroup;
			children = (
				7AE2D89C1DC18FC1009BA8BA /* Localizations.swift */,
				7AD9ECE51DC1737E001FAAF7 /* Sharing.entitlements */,
				7AD9ECD91DC172CB001FAAF7 /* ShareViewController.swift */,
				7AD9ECDB1DC172CB001FAAF7 /* MainInterface.storyboard */,
				7AD9ECDE1DC172CB001FAAF7 /* Info.plist */,
				7AE2D89A1DC18E8B009BA8BA /* Localizable.strings */,
			);
			path = Sharing;
			sourceTree = "<group>";
		};
		7ADFD5A81DAD1E7E0070C5BE = {
			isa = PBXGroup;
			children = (
				7AD9ECD81DC172CB001FAAF7 /* Sharing */,
				7ABF0E831DC40AB60041CBB2 /* LinkedData */,
				7ABF0E8E1DC40AB60041CBB2 /* LinkedDataTests */,
				7A1391471DC1626E00B2DBD7 /* Frameworks */,
				7ADFD5B21DAD1E7E0070C5BE /* Products */,
				7ADFD5B31DAD1E7E0070C5BE /* Volte */,
				7AACD21A1DC037A800AC1249 /* VolteCore */,
			);
			sourceTree = "<group>";
		};
		7ADFD5B21DAD1E7E0070C5BE /* Products */ = {
			isa = PBXGroup;
			children = (
				7ADFD5B11DAD1E7E0070C5BE /* Volte.app */,
				7AACD2191DC037A800AC1249 /* VolteCore.framework */,
				7AD9ECD71DC172CB001FAAF7 /* Sharing.appex */,
				7ABF0E821DC40AB60041CBB2 /* LinkedData.framework */,
				7ABF0E8A1DC40AB60041CBB2 /* LinkedDataTests.xctest */,
			);
			name = Products;
			sourceTree = "<group>";
		};
		7ADFD5B31DAD1E7E0070C5BE /* Volte */ = {
			isa = PBXGroup;
			children = (
				7AD9ECE61DC1738D001FAAF7 /* Volte.entitlements */,
				7A1660AA1DB05A4300AEBC50 /* Externals */,
				7A1660A01DAEDA6100AEBC50 /* Login */,
				7A1660A11DAEDA7200AEBC50 /* Timeline */,
				7ADFD5B41DAD1E7E0070C5BE /* AppDelegate.swift */,
				7ADFD5BB1DAD1E7E0070C5BE /* Assets.xcassets */,
				7A1660A41DAF125800AEBC50 /* ComposeMessageViewController.swift */,
				7ADFD5C01DAD1E7E0070C5BE /* Info.plist */,
				7A7DE3C01DB9105E00D71FD8 /* Launch Screen.storyboard */,
				7A754C111DB7D19100376570 /* LoadingViewController.swift */,
				7A7DE3B41DB8404D00D71FD8 /* Localizable.strings */,
				7A7DE3B61DB8420200D71FD8 /* Localizations.swift */,
				7ABDDD031DAED0BC000D0D79 /* RootViewController.swift */,
				7ADFD5CA1DAD22B10070C5BE /* Volte-Bridging-Header.h */,
			);
			path = Volte;
			sourceTree = "<group>";
		};
/* End PBXGroup section */

/* Begin PBXHeadersBuildPhase section */
		7AACD2161DC037A800AC1249 /* Headers */ = {
			isa = PBXHeadersBuildPhase;
			buildActionMask = 2147483647;
			files = (
				7AACD21D1DC037A800AC1249 /* VolteCore.h in Headers */,
			);
			runOnlyForDeploymentPostprocessing = 0;
		};
		7ABF0E7F1DC40AB60041CBB2 /* Headers */ = {
			isa = PBXHeadersBuildPhase;
			buildActionMask = 2147483647;
			files = (
				7ABF0E921DC40AB60041CBB2 /* LinkedData.h in Headers */,
			);
			runOnlyForDeploymentPostprocessing = 0;
		};
/* End PBXHeadersBuildPhase section */

/* Begin PBXNativeTarget section */
		7AACD2181DC037A800AC1249 /* VolteCore */ = {
			isa = PBXNativeTarget;
			buildConfigurationList = 7AACD2241DC037A800AC1249 /* Build configuration list for PBXNativeTarget "VolteCore" */;
			buildPhases = (
				7AACD2141DC037A800AC1249 /* Sources */,
				7AACD2151DC037A800AC1249 /* Frameworks */,
				7AACD2161DC037A800AC1249 /* Headers */,
				7AACD2171DC037A800AC1249 /* Resources */,
			);
			buildRules = (
			);
			dependencies = (
			);
			name = VolteCore;
			productName = VolteCore;
			productReference = 7AACD2191DC037A800AC1249 /* VolteCore.framework */;
			productType = "com.apple.product-type.framework";
		};
		7ABF0E811DC40AB60041CBB2 /* LinkedData */ = {
			isa = PBXNativeTarget;
			buildConfigurationList = 7ABF0E971DC40AB60041CBB2 /* Build configuration list for PBXNativeTarget "LinkedData" */;
			buildPhases = (
				7ABF0E7D1DC40AB60041CBB2 /* Sources */,
				7ABF0E7E1DC40AB60041CBB2 /* Frameworks */,
				7ABF0E7F1DC40AB60041CBB2 /* Headers */,
				7ABF0E801DC40AB60041CBB2 /* Resources */,
			);
			buildRules = (
			);
			dependencies = (
			);
			name = LinkedData;
			productName = LinkedData;
			productReference = 7ABF0E821DC40AB60041CBB2 /* LinkedData.framework */;
			productType = "com.apple.product-type.framework";
		};
		7ABF0E891DC40AB60041CBB2 /* LinkedDataTests */ = {
			isa = PBXNativeTarget;
			buildConfigurationList = 7ABF0E981DC40AB60041CBB2 /* Build configuration list for PBXNativeTarget "LinkedDataTests" */;
			buildPhases = (
				7ABF0E861DC40AB60041CBB2 /* Sources */,
				7ABF0E871DC40AB60041CBB2 /* Frameworks */,
				7ABF0E881DC40AB60041CBB2 /* Resources */,
			);
			buildRules = (
			);
			dependencies = (
				7ABF0E8D1DC40AB60041CBB2 /* PBXTargetDependency */,
			);
			name = LinkedDataTests;
			productName = LinkedDataTests;
			productReference = 7ABF0E8A1DC40AB60041CBB2 /* LinkedDataTests.xctest */;
			productType = "com.apple.product-type.bundle.unit-test";
		};
		7AD9ECD61DC172CB001FAAF7 /* Sharing */ = {
			isa = PBXNativeTarget;
			buildConfigurationList = 7AD9ECE21DC172CB001FAAF7 /* Build configuration list for PBXNativeTarget "Sharing" */;
			buildPhases = (
				7AD9ECD31DC172CB001FAAF7 /* Sources */,
				7AD9ECD41DC172CB001FAAF7 /* Frameworks */,
				7AD9ECD51DC172CB001FAAF7 /* Resources */,
			);
			buildRules = (
			);
			dependencies = (
				7AD9ECEE1DC17529001FAAF7 /* PBXTargetDependency */,
			);
			name = Sharing;
			productName = Sharing;
			productReference = 7AD9ECD71DC172CB001FAAF7 /* Sharing.appex */;
			productType = "com.apple.product-type.app-extension";
		};
		7ADFD5B01DAD1E7E0070C5BE /* Volte */ = {
			isa = PBXNativeTarget;
			buildConfigurationList = 7ADFD5C31DAD1E7E0070C5BE /* Build configuration list for PBXNativeTarget "Volte" */;
			buildPhases = (
				7ADFD5AD1DAD1E7E0070C5BE /* Sources */,
				7ADFD5AE1DAD1E7E0070C5BE /* Frameworks */,
				7ADFD5AF1DAD1E7E0070C5BE /* Resources */,
				7ADFD5C91DAD22130070C5BE /* Embed Frameworks */,
				7A7DE3BF1DB9075D00D71FD8 /* ShellScript */,
				7AD9ECA41DC17033001FAAF7 /* Embed App Extensions */,
			);
			buildRules = (
			);
			dependencies = (
				7AACD21F1DC037A800AC1249 /* PBXTargetDependency */,
				7AD9ECE01DC172CB001FAAF7 /* PBXTargetDependency */,
			);
			name = Volte;
			productName = Volte;
			productReference = 7ADFD5B11DAD1E7E0070C5BE /* Volte.app */;
			productType = "com.apple.product-type.application";
		};
/* End PBXNativeTarget section */

/* Begin PBXProject section */
		7ADFD5A91DAD1E7E0070C5BE /* Project object */ = {
			isa = PBXProject;
			attributes = {
				LastSwiftUpdateCheck = 0800;
				LastUpgradeCheck = 0810;
				ORGANIZATIONNAME = "Perfectly-Cooked";
				TargetAttributes = {
					7AACD2181DC037A800AC1249 = {
						CreatedOnToolsVersion = 8.0;
						DevelopmentTeam = 8VS9JKFDZS;
						LastSwiftMigration = 0800;
						ProvisioningStyle = Automatic;
					};
					7ABF0E811DC40AB60041CBB2 = {
						CreatedOnToolsVersion = 8.0;
						DevelopmentTeam = MR4EU5S834;
						LastSwiftMigration = 0800;
						ProvisioningStyle = Automatic;
					};
					7ABF0E891DC40AB60041CBB2 = {
						CreatedOnToolsVersion = 8.0;
						DevelopmentTeam = MR4EU5S834;
						ProvisioningStyle = Automatic;
					};
					7AD9ECD61DC172CB001FAAF7 = {
						CreatedOnToolsVersion = 8.0;
						DevelopmentTeam = 8VS9JKFDZS;
						ProvisioningStyle = Automatic;
						SystemCapabilities = {
							com.apple.Keychain = {
								enabled = 1;
							};
						};
					};
					7ADFD5B01DAD1E7E0070C5BE = {
						CreatedOnToolsVersion = 8.1;
						DevelopmentTeam = 8VS9JKFDZS;
						LastSwiftMigration = 0810;
						ProvisioningStyle = Automatic;
						SystemCapabilities = {
							com.apple.Keychain = {
								enabled = 1;
							};
						};
					};
				};
			};
			buildConfigurationList = 7ADFD5AC1DAD1E7E0070C5BE /* Build configuration list for PBXProject "Volte" */;
			compatibilityVersion = "Xcode 3.2";
			developmentRegion = English;
			hasScannedForEncodings = 0;
			knownRegions = (
				en,
				fr,
				Base,
			);
			mainGroup = 7ADFD5A81DAD1E7E0070C5BE;
			productRefGroup = 7ADFD5B21DAD1E7E0070C5BE /* Products */;
			projectDirPath = "";
			projectRoot = "";
			targets = (
				7ADFD5B01DAD1E7E0070C5BE /* Volte */,
				7AACD2181DC037A800AC1249 /* VolteCore */,
				7AD9ECD61DC172CB001FAAF7 /* Sharing */,
				7ABF0E811DC40AB60041CBB2 /* LinkedData */,
				7ABF0E891DC40AB60041CBB2 /* LinkedDataTests */,
			);
		};
/* End PBXProject section */

/* Begin PBXResourcesBuildPhase section */
		7AACD2171DC037A800AC1249 /* Resources */ = {
			isa = PBXResourcesBuildPhase;
			buildActionMask = 2147483647;
			files = (
				7A1391421DC161F300B2DBD7 /* testers.json in Resources */,
			);
			runOnlyForDeploymentPostprocessing = 0;
		};
		7ABF0E801DC40AB60041CBB2 /* Resources */ = {
			isa = PBXResourcesBuildPhase;
			buildActionMask = 2147483647;
			files = (
			);
			runOnlyForDeploymentPostprocessing = 0;
		};
		7ABF0E881DC40AB60041CBB2 /* Resources */ = {
			isa = PBXResourcesBuildPhase;
			buildActionMask = 2147483647;
			files = (
			);
			runOnlyForDeploymentPostprocessing = 0;
		};
		7AD9ECD51DC172CB001FAAF7 /* Resources */ = {
			isa = PBXResourcesBuildPhase;
			buildActionMask = 2147483647;
			files = (
				7AD9ECDD1DC172CB001FAAF7 /* MainInterface.storyboard in Resources */,
				7AE2D8981DC18E8B009BA8BA /* Localizable.strings in Resources */,
			);
			runOnlyForDeploymentPostprocessing = 0;
		};
		7ADFD5AF1DAD1E7E0070C5BE /* Resources */ = {
			isa = PBXResourcesBuildPhase;
			buildActionMask = 2147483647;
			files = (
				7A7DE3C11DB9105E00D71FD8 /* Launch Screen.storyboard in Resources */,
				7AFECF061DB28CBA001A0E6B /* 1Password.xcassets in Resources */,
				7ADFD5BC1DAD1E7E0070C5BE /* Assets.xcassets in Resources */,
				7A7DE3B21DB8404D00D71FD8 /* Localizable.strings in Resources */,
				7A7DE3B91DB8476F00D71FD8 /* LoginViewController.xib in Resources */,
			);
			runOnlyForDeploymentPostprocessing = 0;
		};
/* End PBXResourcesBuildPhase section */

/* Begin PBXShellScriptBuildPhase section */
		7A7DE3BF1DB9075D00D71FD8 /* ShellScript */ = {
			isa = PBXShellScriptBuildPhase;
			buildActionMask = 2147483647;
			files = (
			);
			inputPaths = (
				"$(SRCROOT)/Carthage/Build/iOS/CryptoSwift.framework",
				"$(SRCROOT)/Carthage/Build/iOS/MailCore.framework",
				"$(SRCROOT)/Carthage/Build/iOS/ReactiveCocoa.framework",
				"$(SRCROOT)/Carthage/Build/iOS/ReactiveSwift.framework",
				"$(SRCROOT)/Carthage/Build/iOS/Result.framework",
				"$(SRCROOT)/Carthage/Build/iOS/RGLockboxIOS.framework",
				"$(SRCROOT)/Carthage/Build/iOS/SwiftyJSON.framework",
			);
			outputPaths = (
			);
			runOnlyForDeploymentPostprocessing = 0;
			shellPath = /bin/sh;
			shellScript = "/usr/local/bin/carthage copy-frameworks\n";
		};
/* End PBXShellScriptBuildPhase section */

/* Begin PBXSourcesBuildPhase section */
		7AACD2141DC037A800AC1249 /* Sources */ = {
			isa = PBXSourcesBuildPhase;
			buildActionMask = 2147483647;
			files = (
				7A32BB341DC95FCD00F1F5A2 /* VolteStorage.xcdatamodeld in Sources */,
				7AACD2261DC0382900AC1249 /* MessageComposer.swift in Sources */,
				7A1391401DC161C800B2DBD7 /* AccountController.swift in Sources */,
				7A1391411DC161E200B2DBD7 /* TimelineContentProvider.swift in Sources */,
				7A32BB361DC960D000F1F5A2 /* StorageController.swift in Sources */,
			);
			runOnlyForDeploymentPostprocessing = 0;
		};
		7ABF0E7D1DC40AB60041CBB2 /* Sources */ = {
			isa = PBXSourcesBuildPhase;
			buildActionMask = 2147483647;
			files = (
				7ABF0E9A1DC431BD0041CBB2 /* Node.swift in Sources */,
			);
			runOnlyForDeploymentPostprocessing = 0;
		};
		7ABF0E861DC40AB60041CBB2 /* Sources */ = {
			isa = PBXSourcesBuildPhase;
			buildActionMask = 2147483647;
			files = (
				7ABF0E901DC40AB60041CBB2 /* LinkedDataTests.swift in Sources */,
			);
			runOnlyForDeploymentPostprocessing = 0;
		};
		7AD9ECD31DC172CB001FAAF7 /* Sources */ = {
			isa = PBXSourcesBuildPhase;
			buildActionMask = 2147483647;
			files = (
				7AE2D89D1DC18FC1009BA8BA /* Localizations.swift in Sources */,
				7AD9ECDA1DC172CB001FAAF7 /* ShareViewController.swift in Sources */,
			);
			runOnlyForDeploymentPostprocessing = 0;
		};
		7ADFD5AD1DAD1E7E0070C5BE /* Sources */ = {
			isa = PBXSourcesBuildPhase;
			buildActionMask = 2147483647;
			files = (
				7AB44C181DAE9A000082AE6B /* TimelineMessageCell.swift in Sources */,
				7ADFD5B71DAD1E7E0070C5BE /* LoginViewController.swift in Sources */,
				7ABDDD041DAED0BC000D0D79 /* RootViewController.swift in Sources */,
				7ADFD5B51DAD1E7E0070C5BE /* AppDelegate.swift in Sources */,
				7AFECF071DB28CBA001A0E6B /* OnePasswordExtension.m in Sources */,
				7AB44BFF1DAD69F10082AE6B /* TimelineViewController.swift in Sources */,
				7A1660A51DAF125800AEBC50 /* ComposeMessageViewController.swift in Sources */,
				7A1660A31DAEDC0500AEBC50 /* TimelineView.swift in Sources */,
				7A7DE3B71DB8420200D71FD8 /* Localizations.swift in Sources */,
				7A754C121DB7D19100376570 /* LoadingViewController.swift in Sources */,
			);
			runOnlyForDeploymentPostprocessing = 0;
		};
/* End PBXSourcesBuildPhase section */

/* Begin PBXTargetDependency section */
		7AACD21F1DC037A800AC1249 /* PBXTargetDependency */ = {
			isa = PBXTargetDependency;
			target = 7AACD2181DC037A800AC1249 /* VolteCore */;
			targetProxy = 7AACD21E1DC037A800AC1249 /* PBXContainerItemProxy */;
		};
		7ABF0E8D1DC40AB60041CBB2 /* PBXTargetDependency */ = {
			isa = PBXTargetDependency;
			target = 7ABF0E811DC40AB60041CBB2 /* LinkedData */;
			targetProxy = 7ABF0E8C1DC40AB60041CBB2 /* PBXContainerItemProxy */;
		};
		7AD9ECE01DC172CB001FAAF7 /* PBXTargetDependency */ = {
			isa = PBXTargetDependency;
			target = 7AD9ECD61DC172CB001FAAF7 /* Sharing */;
			targetProxy = 7AD9ECDF1DC172CB001FAAF7 /* PBXContainerItemProxy */;
		};
		7AD9ECEE1DC17529001FAAF7 /* PBXTargetDependency */ = {
			isa = PBXTargetDependency;
			target = 7AACD2181DC037A800AC1249 /* VolteCore */;
			targetProxy = 7AD9ECED1DC17529001FAAF7 /* PBXContainerItemProxy */;
		};
/* End PBXTargetDependency section */

/* Begin PBXVariantGroup section */
		7A7DE3B41DB8404D00D71FD8 /* Localizable.strings */ = {
			isa = PBXVariantGroup;
			children = (
				7A7DE3B81DB8462C00D71FD8 /* en */,
				7A7DE3B51DB8407C00D71FD8 /* fr */,
			);
			name = Localizable.strings;
			path = .;
			sourceTree = "<group>";
		};
		7A7DE3BB1DB8476F00D71FD8 /* LoginViewController.xib */ = {
			isa = PBXVariantGroup;
			children = (
				7A7DE3BA1DB8476F00D71FD8 /* en */,
				7A7DE3BC1DB8477200D71FD8 /* fr */,
			);
			name = LoginViewController.xib;
			path = .;
			sourceTree = "<group>";
		};
		7AD9ECDB1DC172CB001FAAF7 /* MainInterface.storyboard */ = {
			isa = PBXVariantGroup;
			children = (
				7AD9ECDC1DC172CB001FAAF7 /* Base */,
			);
			name = MainInterface.storyboard;
			sourceTree = "<group>";
		};
		7AE2D89A1DC18E8B009BA8BA /* Localizable.strings */ = {
			isa = PBXVariantGroup;
			children = (
				7AE2D8991DC18E8B009BA8BA /* en */,
				7AE2D89B1DC18F3A009BA8BA /* fr */,
			);
			name = Localizable.strings;
			sourceTree = "<group>";
		};
/* End PBXVariantGroup section */

/* Begin XCBuildConfiguration section */
		7AACD2221DC037A800AC1249 /* Debug */ = {
			isa = XCBuildConfiguration;
			buildSettings = {
				CLANG_ENABLE_MODULES = YES;
				CODE_SIGN_IDENTITY = "";
				CURRENT_PROJECT_VERSION = 1;
				DEFINES_MODULE = YES;
				DEVELOPMENT_TEAM = 8VS9JKFDZS;
				DYLIB_COMPATIBILITY_VERSION = 1;
				DYLIB_CURRENT_VERSION = 1;
				DYLIB_INSTALL_NAME_BASE = "@rpath";
				FRAMEWORK_SEARCH_PATHS = (
					"$(inherited)",
					"$(PROJECT_DIR)/Carthage/Build/iOS",
				);
				HEADER_SEARCH_PATHS = "";
				INFOPLIST_FILE = VolteCore/Info.plist;
				INSTALL_PATH = "$(LOCAL_LIBRARY_DIR)/Frameworks";
				IPHONEOS_DEPLOYMENT_TARGET = 10.0;
				LD_RUNPATH_SEARCH_PATHS = "$(inherited) @executable_path/Frameworks @loader_path/Frameworks";
				PRODUCT_BUNDLE_IDENTIFIER = "com.perfectly-cooked.VolteCore";
				PRODUCT_NAME = "$(TARGET_NAME)";
				SKIP_INSTALL = YES;
				SWIFT_OPTIMIZATION_LEVEL = "-Onone";
				SWIFT_VERSION = 3.0;
				VERSIONING_SYSTEM = "apple-generic";
				VERSION_INFO_PREFIX = "";
			};
			name = Debug;
		};
		7AACD2231DC037A800AC1249 /* Release */ = {
			isa = XCBuildConfiguration;
			buildSettings = {
				CLANG_ENABLE_MODULES = YES;
				CODE_SIGN_IDENTITY = "";
				CURRENT_PROJECT_VERSION = 1;
				DEFINES_MODULE = YES;
				DEVELOPMENT_TEAM = 8VS9JKFDZS;
				DYLIB_COMPATIBILITY_VERSION = 1;
				DYLIB_CURRENT_VERSION = 1;
				DYLIB_INSTALL_NAME_BASE = "@rpath";
				FRAMEWORK_SEARCH_PATHS = (
					"$(inherited)",
					"$(PROJECT_DIR)/Carthage/Build/iOS",
				);
				HEADER_SEARCH_PATHS = "";
				INFOPLIST_FILE = VolteCore/Info.plist;
				INSTALL_PATH = "$(LOCAL_LIBRARY_DIR)/Frameworks";
				IPHONEOS_DEPLOYMENT_TARGET = 10.0;
				LD_RUNPATH_SEARCH_PATHS = "$(inherited) @executable_path/Frameworks @loader_path/Frameworks";
				PRODUCT_BUNDLE_IDENTIFIER = "com.perfectly-cooked.VolteCore";
				PRODUCT_NAME = "$(TARGET_NAME)";
				SKIP_INSTALL = YES;
				SWIFT_VERSION = 3.0;
				VERSIONING_SYSTEM = "apple-generic";
				VERSION_INFO_PREFIX = "";
			};
			name = Release;
		};
		7ABF0E931DC40AB60041CBB2 /* Debug */ = {
			isa = XCBuildConfiguration;
			buildSettings = {
				CLANG_ENABLE_MODULES = YES;
				CODE_SIGN_IDENTITY = "";
				CURRENT_PROJECT_VERSION = 1;
				DEFINES_MODULE = YES;
				DEVELOPMENT_TEAM = MR4EU5S834;
				DYLIB_COMPATIBILITY_VERSION = 1;
				DYLIB_CURRENT_VERSION = 1;
				DYLIB_INSTALL_NAME_BASE = "@rpath";
				INFOPLIST_FILE = LinkedData/Info.plist;
				INSTALL_PATH = "$(LOCAL_LIBRARY_DIR)/Frameworks";
				IPHONEOS_DEPLOYMENT_TARGET = 10.0;
				LD_RUNPATH_SEARCH_PATHS = "$(inherited) @executable_path/Frameworks @loader_path/Frameworks";
				PRODUCT_BUNDLE_IDENTIFIER = "com.perfectly-cooked.LinkedData";
				PRODUCT_NAME = "$(TARGET_NAME)";
				SKIP_INSTALL = YES;
				SWIFT_OPTIMIZATION_LEVEL = "-Onone";
				SWIFT_VERSION = 3.0;
				VERSIONING_SYSTEM = "apple-generic";
				VERSION_INFO_PREFIX = "";
			};
			name = Debug;
		};
		7ABF0E941DC40AB60041CBB2 /* Release */ = {
			isa = XCBuildConfiguration;
			buildSettings = {
				CLANG_ENABLE_MODULES = YES;
				CODE_SIGN_IDENTITY = "";
				CURRENT_PROJECT_VERSION = 1;
				DEFINES_MODULE = YES;
				DEVELOPMENT_TEAM = MR4EU5S834;
				DYLIB_COMPATIBILITY_VERSION = 1;
				DYLIB_CURRENT_VERSION = 1;
				DYLIB_INSTALL_NAME_BASE = "@rpath";
				INFOPLIST_FILE = LinkedData/Info.plist;
				INSTALL_PATH = "$(LOCAL_LIBRARY_DIR)/Frameworks";
				IPHONEOS_DEPLOYMENT_TARGET = 10.0;
				LD_RUNPATH_SEARCH_PATHS = "$(inherited) @executable_path/Frameworks @loader_path/Frameworks";
				PRODUCT_BUNDLE_IDENTIFIER = "com.perfectly-cooked.LinkedData";
				PRODUCT_NAME = "$(TARGET_NAME)";
				SKIP_INSTALL = YES;
				SWIFT_VERSION = 3.0;
				VERSIONING_SYSTEM = "apple-generic";
				VERSION_INFO_PREFIX = "";
			};
			name = Release;
		};
		7ABF0E951DC40AB60041CBB2 /* Debug */ = {
			isa = XCBuildConfiguration;
			buildSettings = {
				ALWAYS_EMBED_SWIFT_STANDARD_LIBRARIES = YES;
				DEVELOPMENT_TEAM = MR4EU5S834;
				INFOPLIST_FILE = LinkedDataTests/Info.plist;
				IPHONEOS_DEPLOYMENT_TARGET = 10.0;
				LD_RUNPATH_SEARCH_PATHS = "$(inherited) @executable_path/Frameworks @loader_path/Frameworks";
				PRODUCT_BUNDLE_IDENTIFIER = "com.perfectly-cooked.LinkedDataTests";
				PRODUCT_NAME = "$(TARGET_NAME)";
				SWIFT_VERSION = 3.0;
			};
			name = Debug;
		};
		7ABF0E961DC40AB60041CBB2 /* Release */ = {
			isa = XCBuildConfiguration;
			buildSettings = {
				ALWAYS_EMBED_SWIFT_STANDARD_LIBRARIES = YES;
				DEVELOPMENT_TEAM = MR4EU5S834;
				INFOPLIST_FILE = LinkedDataTests/Info.plist;
				IPHONEOS_DEPLOYMENT_TARGET = 10.0;
				LD_RUNPATH_SEARCH_PATHS = "$(inherited) @executable_path/Frameworks @loader_path/Frameworks";
				PRODUCT_BUNDLE_IDENTIFIER = "com.perfectly-cooked.LinkedDataTests";
				PRODUCT_NAME = "$(TARGET_NAME)";
				SWIFT_VERSION = 3.0;
			};
			name = Release;
		};
		7AD9ECE31DC172CB001FAAF7 /* Debug */ = {
			isa = XCBuildConfiguration;
			buildSettings = {
				CODE_SIGN_ENTITLEMENTS = Sharing/Sharing.entitlements;
				DEVELOPMENT_TEAM = 8VS9JKFDZS;
				FRAMEWORK_SEARCH_PATHS = (
					"$(inherited)",
					"$(PROJECT_DIR)/Carthage/Build/iOS",
				);
				INFOPLIST_FILE = Sharing/Info.plist;
				IPHONEOS_DEPLOYMENT_TARGET = 10.0;
				LD_RUNPATH_SEARCH_PATHS = "$(inherited) @executable_path/Frameworks @executable_path/../../Frameworks";
				PRODUCT_BUNDLE_IDENTIFIER = "com.perfectly-cooked.prototype.Volte.Sharing";
				PRODUCT_NAME = "$(TARGET_NAME)";
				SKIP_INSTALL = YES;
				SWIFT_VERSION = 3.0;
			};
			name = Debug;
		};
		7AD9ECE41DC172CB001FAAF7 /* Release */ = {
			isa = XCBuildConfiguration;
			buildSettings = {
				CODE_SIGN_ENTITLEMENTS = Sharing/Sharing.entitlements;
				DEVELOPMENT_TEAM = 8VS9JKFDZS;
				FRAMEWORK_SEARCH_PATHS = (
					"$(inherited)",
					"$(PROJECT_DIR)/Carthage/Build/iOS",
				);
				INFOPLIST_FILE = Sharing/Info.plist;
				IPHONEOS_DEPLOYMENT_TARGET = 10.0;
				LD_RUNPATH_SEARCH_PATHS = "$(inherited) @executable_path/Frameworks @executable_path/../../Frameworks";
				PRODUCT_BUNDLE_IDENTIFIER = "com.perfectly-cooked.prototype.Volte.Sharing";
				PRODUCT_NAME = "$(TARGET_NAME)";
				SKIP_INSTALL = YES;
				SWIFT_VERSION = 3.0;
			};
			name = Release;
		};
		7ADFD5C11DAD1E7E0070C5BE /* Debug */ = {
			isa = XCBuildConfiguration;
			buildSettings = {
				ALWAYS_SEARCH_USER_PATHS = NO;
				CLANG_ANALYZER_LOCALIZABILITY_NONLOCALIZED = YES;
				CLANG_ANALYZER_NONNULL = YES;
				CLANG_CXX_LANGUAGE_STANDARD = "gnu++0x";
				CLANG_CXX_LIBRARY = "libc++";
				CLANG_ENABLE_MODULES = YES;
				CLANG_ENABLE_OBJC_ARC = YES;
				CLANG_WARN_BOOL_CONVERSION = YES;
				CLANG_WARN_CONSTANT_CONVERSION = YES;
				CLANG_WARN_DIRECT_OBJC_ISA_USAGE = YES_ERROR;
				CLANG_WARN_DOCUMENTATION_COMMENTS = YES;
				CLANG_WARN_EMPTY_BODY = YES;
				CLANG_WARN_ENUM_CONVERSION = YES;
				CLANG_WARN_INFINITE_RECURSION = YES;
				CLANG_WARN_INT_CONVERSION = YES;
				CLANG_WARN_OBJC_ROOT_CLASS = YES_ERROR;
				CLANG_WARN_SUSPICIOUS_MOVES = YES;
				CLANG_WARN_UNREACHABLE_CODE = YES;
				CLANG_WARN__DUPLICATE_METHOD_MATCH = YES;
				"CODE_SIGN_IDENTITY[sdk=iphoneos*]" = "iPhone Developer";
				COPY_PHASE_STRIP = NO;
				DEBUG_INFORMATION_FORMAT = dwarf;
				ENABLE_STRICT_OBJC_MSGSEND = YES;
				ENABLE_TESTABILITY = YES;
				GCC_C_LANGUAGE_STANDARD = gnu99;
				GCC_DYNAMIC_NO_PIC = NO;
				GCC_NO_COMMON_BLOCKS = YES;
				GCC_OPTIMIZATION_LEVEL = 0;
				GCC_PREPROCESSOR_DEFINITIONS = (
					"DEBUG=1",
					"$(inherited)",
				);
				GCC_WARN_64_TO_32_BIT_CONVERSION = YES;
				GCC_WARN_ABOUT_RETURN_TYPE = YES_ERROR;
				GCC_WARN_UNDECLARED_SELECTOR = YES;
				GCC_WARN_UNINITIALIZED_AUTOS = YES_AGGRESSIVE;
				GCC_WARN_UNUSED_FUNCTION = YES;
				GCC_WARN_UNUSED_VARIABLE = YES;
				IPHONEOS_DEPLOYMENT_TARGET = 10.1;
				MTL_ENABLE_DEBUG_INFO = YES;
				ONLY_ACTIVE_ARCH = YES;
				SDKROOT = iphoneos;
				SWIFT_ACTIVE_COMPILATION_CONDITIONS = DEBUG;
				SWIFT_OPTIMIZATION_LEVEL = "-Onone";
				TARGETED_DEVICE_FAMILY = "1,2";
			};
			name = Debug;
		};
		7ADFD5C21DAD1E7E0070C5BE /* Release */ = {
			isa = XCBuildConfiguration;
			buildSettings = {
				ALWAYS_SEARCH_USER_PATHS = NO;
				CLANG_ANALYZER_LOCALIZABILITY_NONLOCALIZED = YES;
				CLANG_ANALYZER_NONNULL = YES;
				CLANG_CXX_LANGUAGE_STANDARD = "gnu++0x";
				CLANG_CXX_LIBRARY = "libc++";
				CLANG_ENABLE_MODULES = YES;
				CLANG_ENABLE_OBJC_ARC = YES;
				CLANG_WARN_BOOL_CONVERSION = YES;
				CLANG_WARN_CONSTANT_CONVERSION = YES;
				CLANG_WARN_DIRECT_OBJC_ISA_USAGE = YES_ERROR;
				CLANG_WARN_DOCUMENTATION_COMMENTS = YES;
				CLANG_WARN_EMPTY_BODY = YES;
				CLANG_WARN_ENUM_CONVERSION = YES;
				CLANG_WARN_INFINITE_RECURSION = YES;
				CLANG_WARN_INT_CONVERSION = YES;
				CLANG_WARN_OBJC_ROOT_CLASS = YES_ERROR;
				CLANG_WARN_SUSPICIOUS_MOVES = YES;
				CLANG_WARN_UNREACHABLE_CODE = YES;
				CLANG_WARN__DUPLICATE_METHOD_MATCH = YES;
				"CODE_SIGN_IDENTITY[sdk=iphoneos*]" = "iPhone Developer";
				COPY_PHASE_STRIP = NO;
				DEBUG_INFORMATION_FORMAT = "dwarf-with-dsym";
				ENABLE_NS_ASSERTIONS = NO;
				ENABLE_STRICT_OBJC_MSGSEND = YES;
				GCC_C_LANGUAGE_STANDARD = gnu99;
				GCC_NO_COMMON_BLOCKS = YES;
				GCC_WARN_64_TO_32_BIT_CONVERSION = YES;
				GCC_WARN_ABOUT_RETURN_TYPE = YES_ERROR;
				GCC_WARN_UNDECLARED_SELECTOR = YES;
				GCC_WARN_UNINITIALIZED_AUTOS = YES_AGGRESSIVE;
				GCC_WARN_UNUSED_FUNCTION = YES;
				GCC_WARN_UNUSED_VARIABLE = YES;
				IPHONEOS_DEPLOYMENT_TARGET = 10.1;
				MTL_ENABLE_DEBUG_INFO = NO;
				SDKROOT = iphoneos;
				SWIFT_OPTIMIZATION_LEVEL = "-Owholemodule";
				TARGETED_DEVICE_FAMILY = "1,2";
				VALIDATE_PRODUCT = YES;
			};
			name = Release;
		};
		7ADFD5C41DAD1E7E0070C5BE /* Debug */ = {
			isa = XCBuildConfiguration;
			buildSettings = {
				ALWAYS_EMBED_SWIFT_STANDARD_LIBRARIES = YES;
				ASSETCATALOG_COMPILER_APPICON_NAME = AppIcon;
				CLANG_ENABLE_MODULES = YES;
				CODE_SIGN_ENTITLEMENTS = Volte/Volte.entitlements;
				DEVELOPMENT_TEAM = 8VS9JKFDZS;
				FRAMEWORK_SEARCH_PATHS = (
					"$(inherited)",
					"$(PROJECT_DIR)/Carthage/Build/iOS",
					"$(PROJECT_DIR)",
				);
				INFOPLIST_FILE = Volte/Info.plist;
				IPHONEOS_DEPLOYMENT_TARGET = 10.0;
				LD_RUNPATH_SEARCH_PATHS = "$(inherited) @executable_path/Frameworks";
				PRODUCT_BUNDLE_IDENTIFIER = "com.perfectly-cooked.prototype.Volte";
				PRODUCT_NAME = "$(TARGET_NAME)";
				SWIFT_OBJC_BRIDGING_HEADER = "Volte/Volte-Bridging-Header.h";
				SWIFT_OPTIMIZATION_LEVEL = "-Onone";
				SWIFT_VERSION = 3.0;
				TARGETED_DEVICE_FAMILY = 1;
			};
			name = Debug;
		};
		7ADFD5C51DAD1E7E0070C5BE /* Release */ = {
			isa = XCBuildConfiguration;
			buildSettings = {
				ALWAYS_EMBED_SWIFT_STANDARD_LIBRARIES = YES;
				ASSETCATALOG_COMPILER_APPICON_NAME = AppIcon;
				CLANG_ENABLE_MODULES = YES;
				CODE_SIGN_ENTITLEMENTS = Volte/Volte.entitlements;
				DEVELOPMENT_TEAM = 8VS9JKFDZS;
				FRAMEWORK_SEARCH_PATHS = (
					"$(inherited)",
					"$(PROJECT_DIR)/Carthage/Build/iOS",
					"$(PROJECT_DIR)",
				);
				INFOPLIST_FILE = Volte/Info.plist;
				IPHONEOS_DEPLOYMENT_TARGET = 10.0;
				LD_RUNPATH_SEARCH_PATHS = "$(inherited) @executable_path/Frameworks";
				PRODUCT_BUNDLE_IDENTIFIER = "com.perfectly-cooked.prototype.Volte";
				PRODUCT_NAME = "$(TARGET_NAME)";
				SWIFT_OBJC_BRIDGING_HEADER = "Volte/Volte-Bridging-Header.h";
				SWIFT_VERSION = 3.0;
				TARGETED_DEVICE_FAMILY = 1;
			};
			name = Release;
		};
/* End XCBuildConfiguration section */

/* Begin XCConfigurationList section */
		7AACD2241DC037A800AC1249 /* Build configuration list for PBXNativeTarget "VolteCore" */ = {
			isa = XCConfigurationList;
			buildConfigurations = (
				7AACD2221DC037A800AC1249 /* Debug */,
				7AACD2231DC037A800AC1249 /* Release */,
			);
			defaultConfigurationIsVisible = 0;
			defaultConfigurationName = Release;
		};
		7ABF0E971DC40AB60041CBB2 /* Build configuration list for PBXNativeTarget "LinkedData" */ = {
			isa = XCConfigurationList;
			buildConfigurations = (
				7ABF0E931DC40AB60041CBB2 /* Debug */,
				7ABF0E941DC40AB60041CBB2 /* Release */,
			);
			defaultConfigurationIsVisible = 0;
			defaultConfigurationName = Release;
		};
		7ABF0E981DC40AB60041CBB2 /* Build configuration list for PBXNativeTarget "LinkedDataTests" */ = {
			isa = XCConfigurationList;
			buildConfigurations = (
				7ABF0E951DC40AB60041CBB2 /* Debug */,
				7ABF0E961DC40AB60041CBB2 /* Release */,
			);
			defaultConfigurationIsVisible = 0;
			defaultConfigurationName = Release;
		};
		7AD9ECE21DC172CB001FAAF7 /* Build configuration list for PBXNativeTarget "Sharing" */ = {
			isa = XCConfigurationList;
			buildConfigurations = (
				7AD9ECE31DC172CB001FAAF7 /* Debug */,
				7AD9ECE41DC172CB001FAAF7 /* Release */,
			);
			defaultConfigurationIsVisible = 0;
			defaultConfigurationName = Release;
		};
		7ADFD5AC1DAD1E7E0070C5BE /* Build configuration list for PBXProject "Volte" */ = {
			isa = XCConfigurationList;
			buildConfigurations = (
				7ADFD5C11DAD1E7E0070C5BE /* Debug */,
				7ADFD5C21DAD1E7E0070C5BE /* Release */,
			);
			defaultConfigurationIsVisible = 0;
			defaultConfigurationName = Release;
		};
		7ADFD5C31DAD1E7E0070C5BE /* Build configuration list for PBXNativeTarget "Volte" */ = {
			isa = XCConfigurationList;
			buildConfigurations = (
				7ADFD5C41DAD1E7E0070C5BE /* Debug */,
				7ADFD5C51DAD1E7E0070C5BE /* Release */,
			);
			defaultConfigurationIsVisible = 0;
			defaultConfigurationName = Release;
		};
/* End XCConfigurationList section */

/* Begin XCVersionGroup section */
		7A32BB321DC95FCD00F1F5A2 /* VolteStorage.xcdatamodeld */ = {
			isa = XCVersionGroup;
			children = (
				7A32BB331DC95FCD00F1F5A2 /* VolteStorage.xcdatamodel */,
			);
			currentVersion = 7A32BB331DC95FCD00F1F5A2 /* VolteStorage.xcdatamodel */;
			path = VolteStorage.xcdatamodeld;
			sourceTree = "<group>";
			versionGroupType = wrapper.xcdatamodel;
		};
/* End XCVersionGroup section */
	};
	rootObject = 7ADFD5A91DAD1E7E0070C5BE /* Project object */;
}
